<Solution>
  <Folder Name="/src/">
    <Project Path="src/MyDesk.Shared/MyDesk.Shared.csproj" />
    <Project Path="src/MyDesk.Web/MyDesk.Web.csproj" />
  </Folder>
  <Folder Name="/tests/">
    <Project Path="tests/MyDesk.PlaywrightTests/MyDesk.PlaywrightTests.csproj" />
    <Project Path="tests/MyDesk.Web.Phase4.Tests/MyDesk.Web.Phase4.Tests.csproj" />
    <Project Path="tests/MyDesk.Web.Phase5.Tests/MyDesk.Web.Phase5.Tests.csproj" />
  </Folder>
</Solution>
