{
  "name": "Techlight.digitalresponse.com.au",
  "lockfileVersion": 3,
  "requires": true,
  "packages": {
    "": {
      "dependencies": {
        "droid": "^0.109.1"
      }
    },
    "node_modules/@factory/cli-darwin-arm64": {
      "version": "0.109.1",
      "resolved": "https://registry.npmjs.org/@factory/cli-darwin-arm64/-/cli-darwin-arm64-0.109.1.tgz",
      "integrity": "sha512-vylVavaJfnLxxe6O7P9c5NUXyP67UyssAn6Jnfctj9c45NnBJeIMeMZbgC/+DxhjwdbHW/QKYV6KVh/yXQRqsA==",
      "cpu": [
        "arm64"
      ],
      "license": "UNLICENSED",
      "optional": true,
      "os": [
        "darwin"
      ]
    },
    "node_modules/@factory/cli-darwin-x64": {
      "version": "0.109.1",
      "resolved": "https://registry.npmjs.org/@factory/cli-darwin-x64/-/cli-darwin-x64-0.109.1.tgz",
      "integrity": "sha512-huw5THy3tpUMVhAppFikPBNj1BbqEpJNESQ2LhCmvLjGWGJfsf/DV4angevYnVqsrMu4/634Z7EtYU5Ko1Uh8A==",
      "cpu": [
        "x64"
      ],
      "license": "UNLICENSED",
      "optional": true,
      "os": [
        "darwin"
      ]
    },
    "node_modules/@factory/cli-darwin-x64-baseline": {
      "version": "0.109.1",
      "resolved": "https://registry.npmjs.org/@factory/cli-darwin-x64-baseline/-/cli-darwin-x64-baseline-0.109.1.tgz",
      "integrity": "sha512-onrTrpycm6FEGNhcftuWY/uB+JAobi4XX8Mva50vDpMCxftw7mzSN1bazHYfKvdDYV2KjMEwkgDCeqjIQz/utg==",
      "cpu": [
        "x64"
      ],
      "license": "UNLICENSED",
      "optional": true,
      "os": [
        "darwin"
      ]
    },
    "node_modules/@factory/cli-linux-arm64": {
      "version": "0.109.1",
      "resolved": "https://registry.npmjs.org/@factory/cli-linux-arm64/-/cli-linux-arm64-0.109.1.tgz",
      "integrity": "sha512-4nnaS/4zxiGEPr0pzjnP1SkgrQJN5jXmgJzHyz54NmA3Ttcukuw+01iLftNH1CZwL1X8Z3LqKSTAAd33mVbOlA==",
      "cpu": [
        "arm64"
      ],
      "license": "UNLICENSED",
      "optional": true,
      "os": [
        "linux"
      ]
    },
    "node_modules/@factory/cli-linux-x64": {
      "version": "0.109.1",
      "resolved": "https://registry.npmjs.org/@factory/cli-linux-x64/-/cli-linux-x64-0.109.1.tgz",
      "integrity": "sha512-6AFJ89weKHvA3gA1uQY4qLDMyZoLd3uRtOWveyCImpBy9anxr3VNx1n+CLSTLcKbxpLQewTL9Qnnk7PYt98oLw==",
      "cpu": [
        "x64"
      ],
      "license": "UNLICENSED",
      "optional": true,
      "os": [
        "linux"
      ]
    },
    "node_modules/@factory/cli-linux-x64-baseline": {
      "version": "0.109.1",
      "resolved": "https://registry.npmjs.org/@factory/cli-linux-x64-baseline/-/cli-linux-x64-baseline-0.109.1.tgz",
      "integrity": "sha512-UsxCk2CETiBP7Krsljsl5uX+DwcxPborMNHIr9aBsOgYeZti1/w4u9KNAVWqsJIT3darnIfUKeZ0/6U000BzAg==",
      "cpu": [
        "x64"
      ],
      "license": "UNLICENSED",
      "optional": true,
      "os": [
        "linux"
      ]
    },
    "node_modules/@factory/cli-win32-arm64": {
      "version": "0.109.1",
      "resolved": "https://registry.npmjs.org/@factory/cli-win32-arm64/-/cli-win32-arm64-0.109.1.tgz",
      "integrity": "sha512-6mTSjyRIj9DHAaI13xoGwOXCr077R+KIqv6q72HibgCk3pej26GPmUyVjKXz+Fx5jQDKYP/1X1qPUJhyli9dLw==",
      "cpu": [
        "arm64"
      ],
      "license": "UNLICENSED",
      "optional": true,
      "os": [
        "win32"
      ]
    },
    "node_modules/@factory/cli-win32-x64": {
      "version": "0.109.1",
      "resolved": "https://registry.npmjs.org/@factory/cli-win32-x64/-/cli-win32-x64-0.109.1.tgz",
      "integrity": "sha512-XZ0PyTx4ks6qMBoTjQVU+DavhV9amKpClJdOH86Fg79qWNdbCSB9AvKcpd7yiqGSHThmUdSJEPnp7AsE9zjMLw==",
      "cpu": [
        "x64"
      ],
      "license": "UNLICENSED",
      "optional": true,
      "os": [
        "win32"
      ]
    },
    "node_modules/@factory/cli-win32-x64-baseline": {
      "version": "0.109.1",
      "resolved": "https://registry.npmjs.org/@factory/cli-win32-x64-baseline/-/cli-win32-x64-baseline-0.109.1.tgz",
      "integrity": "sha512-VVNJfl7j8SaHbGE0964x+Mc3h6YRBeCpCt64mfGT89PXuP1nqIQnjAAQEk+F2gbK8KrODPGgsF+73ane2NQxyQ==",
      "cpu": [
        "x64"
      ],
      "license": "UNLICENSED",
      "optional": true,
      "os": [
        "win32"
      ]
    },
    "node_modules/droid": {
      "version": "0.109.1",
      "resolved": "https://registry.npmjs.org/droid/-/droid-0.109.1.tgz",
      "integrity": "sha512-vACcQW8AAUPHcj9SSrEHX8kgSACvZORkgtNwCOLwL8YyWA6I4MsA0U+tEdpUiQEOY1XINM6iyAQPlULBx1YJVQ==",
      "hasInstallScript": true,
      "license": "UNLICENSED",
      "bin": {
        "droid": "bin/droid"
      },
      "engines": {
        "node": ">=20.0.0"
      },
      "optionalDependencies": {
        "@factory/cli-darwin-arm64": "0.109.1",
        "@factory/cli-darwin-x64": "0.109.1",
        "@factory/cli-darwin-x64-baseline": "0.109.1",
        "@factory/cli-linux-arm64": "0.109.1",
        "@factory/cli-linux-x64": "0.109.1",
        "@factory/cli-linux-x64-baseline": "0.109.1",
        "@factory/cli-win32-arm64": "0.109.1",
        "@factory/cli-win32-x64": "0.109.1",
        "@factory/cli-win32-x64-baseline": "0.109.1"
      }
    }
  }
}
